
Microsoft Visual Studio Solution File, Format Version 12.00
Project("{FAE04EC0-301F-11D3-BF4B-00C04F79EFBC}") = "FactorioSharp.Instrumentation", "FactorioSharp.Instrumentation\FactorioSharp.Instrumentation.csproj", "{66B1DC4E-D45D-4D28-8192-AB5F00324F6B}"
EndProject
Project("{FAE04EC0-301F-11D3-BF4B-00C04F79EFBC}") = "FactorioSharp.Instrumentation.Console", "FactorioSharp.Instrumentation.Console\FactorioSharp.Instrumentation.Console.csproj", "{813E3DE5-E823-4A60-B65B-02B3E2872A15}"
EndProject
Global
	GlobalSection(SolutionConfigurationPlatforms) = preSolution
		Debug|Any CPU = Debug|Any CPU
		Release|Any CPU = Release|Any CPU
	EndGlobalSection
	GlobalSection(ProjectConfigurationPlatforms) = postSolution
		{66B1DC4E-D45D-4D28-8192-AB5F00324F6B}.Debug|Any CPU.ActiveCfg = Debug|Any CPU
		{66B1DC4E-D45D-4D28-8192-AB5F00324F6B}.Debug|Any CPU.Build.0 = Debug|Any CPU
		{66B1DC4E-D45D-4D28-8192-AB5F00324F6B}.Release|Any CPU.ActiveCfg = Release|Any CPU
		{66B1DC4E-D45D-4D28-8192-AB5F00324F6B}.Release|Any CPU.Build.0 = Release|Any CPU
		{813E3DE5-E823-4A60-B65B-02B3E2872A15}.Debug|Any CPU.ActiveCfg = Debug|Any CPU
		{813E3DE5-E823-4A60-B65B-02B3E2872A15}.Debug|Any CPU.Build.0 = Debug|Any CPU
		{813E3DE5-E823-4A60-B65B-02B3E2872A15}.Release|Any CPU.ActiveCfg = Release|Any CPU
		{813E3DE5-E823-4A60-B65B-02B3E2872A15}.Release|Any CPU.Build.0 = Release|Any CPU
	EndGlobalSection
EndGlobal
